// !$*UTF8*$!
{
	archiveVersion = 1;
	classes = {
	};
	objectVersion = 46;
	objects = {

/* Begin PBXBuildFile section */
		A408120419A336E100A98688 /* QueueViewController.m in Sources */ = {isa = PBXBuildFile; fileRef = A40811FF19A336E100A98688 /* QueueViewController.m */; };
		A408120519A336E100A98688 /* SearchResultViewController.m in Sources */ = {isa = PBXBuildFile; fileRef = A408120119A336E100A98688 /* SearchResultViewController.m */; };
		A408120619A336E100A98688 /* SettingsTableViewController.m in Sources */ = {isa = PBXBuildFile; fileRef = A408120319A336E100A98688 /* SettingsTableViewController.m */; };
		A4165BDA19F476110038DD2C /* AppSetting.m in Sources */ = {isa = PBXBuildFile; fileRef = A4165BD919F476110038DD2C /* AppSetting.m */; };
		A426416D19D6AF4E00C79365 /* AtraciLogo.png in Resources */ = {isa = PBXBuildFile; fileRef = A426416C19D6AF4E00C79365 /* AtraciLogo.png */; };
		A442394B19DA516100471DAD /* ATCSong.m in Sources */ = {isa = PBXBuildFile; fileRef = A442394A19DA516100471DAD /* ATCSong.m */; };
		A442394E19DA68F800471DAD /* ATCLogicAlgorithms.m in Sources */ = {isa = PBXBuildFile; fileRef = A442394D19DA68F800471DAD /* ATCLogicAlgorithms.m */; };
		A4513E8319A334C800E84374 /* Atraci.ico in Resources */ = {isa = PBXBuildFile; fileRef = A4513E7719A334C800E84374 /* Atraci.ico */; };
		A4513E8419A334C800E84374 /* Atraci.png in Resources */ = {isa = PBXBuildFile; fileRef = A4513E7819A334C800E84374 /* Atraci.png */; };
		A4513E8519A334C800E84374 /* cover_default_large.png in Resources */ = {isa = PBXBuildFile; fileRef = A4513E7919A334C800E84374 /* cover_default_large.png */; };
		A4513E8619A334C800E84374 /* icon.icns in Resources */ = {isa = PBXBuildFile; fileRef = A4513E7A19A334C800E84374 /* icon.icns */; };
		A4513E8719A334C800E84374 /* icon.png in Resources */ = {isa = PBXBuildFile; fileRef = A4513E7B19A334C800E84374 /* icon.png */; };
		A4513E8819A334C800E84374 /* icon2.png in Resources */ = {isa = PBXBuildFile; fileRef = A4513E7C19A334C800E84374 /* icon2.png */; };
		A4513E8919A334C800E84374 /* music_transcript-25.png in Resources */ = {isa = PBXBuildFile; fileRef = A4513E7D19A334C800E84374 /* music_transcript-25.png */; };
		A4513E8A19A334C800E84374 /* music_transcript-50.png in Resources */ = {isa = PBXBuildFile; fileRef = A4513E7E19A334C800E84374 /* music_transcript-50.png */; };
		A4513E8B19A334C800E84374 /* search.png in Resources */ = {isa = PBXBuildFile; fileRef = A4513E7F19A334C800E84374 /* search.png */; };
		A4513E8C19A334C800E84374 /* search@2x.png in Resources */ = {isa = PBXBuildFile; fileRef = A4513E8019A334C800E84374 /* search@2x.png */; };
		A4513E8D19A334C800E84374 /* settings-25.png in Resources */ = {isa = PBXBuildFile; fileRef = A4513E8119A334C800E84374 /* settings-25.png */; };
		A4513E8E19A334C800E84374 /* settings-50.png in Resources */ = {isa = PBXBuildFile; fileRef = A4513E8219A334C800E84374 /* settings-50.png */; };
		A4513E9219A334E800E84374 /* ArtistCell.m in Sources */ = {isa = PBXBuildFile; fileRef = A4513E9119A334E800E84374 /* ArtistCell.m */; };
		A4513EB019A3350300E84374 /* YTPlayerView-iframe-player.html in Resources */ = {isa = PBXBuildFile; fileRef = A4513EA219A3350300E84374 /* YTPlayerView-iframe-player.html */; };
		A4513EB119A3350300E84374 /* YTPlayerView.m in Sources */ = {isa = PBXBuildFile; fileRef = A4513EA519A3350300E84374 /* YTPlayerView.m */; };
		A4513EB219A3350300E84374 /* SVProgressHUD.bundle in Resources */ = {isa = PBXBuildFile; fileRef = A4513EA819A3350300E84374 /* SVProgressHUD.bundle */; };
		A4513EB319A3350300E84374 /* SVProgressHUD.m in Sources */ = {isa = PBXBuildFile; fileRef = A4513EAA19A3350300E84374 /* SVProgressHUD.m */; };
		A4513EB919A3352F00E84374 /* QueueSingleton.m in Sources */ = {isa = PBXBuildFile; fileRef = A4513EB619A3352F00E84374 /* QueueSingleton.m */; };
		A4513EBA19A3352F00E84374 /* RequestClass.m in Sources */ = {isa = PBXBuildFile; fileRef = A4513EB819A3352F00E84374 /* RequestClass.m */; };
		A464B13219E0F38A00F5ADCB /* ATCPlaylistHelper.m in Sources */ = {isa = PBXBuildFile; fileRef = A464B13119E0F38A00F5ADCB /* ATCPlaylistHelper.m */; };
		A47ED785197272A1003AEDB7 /* AVFoundation.framework in Frameworks */ = {isa = PBXBuildFile; fileRef = A47ED784197272A1003AEDB7 /* AVFoundation.framework */; };
		A49810F6197234E0000CAE28 /* QuartzCore.framework in Frameworks */ = {isa = PBXBuildFile; fileRef = A49810F5197234E0000CAE28 /* QuartzCore.framework */; };
		A4A36965199C824A00F69560 /* Main.storyboard in Resources */ = {isa = PBXBuildFile; fileRef = A4EE477E195F9B20002C3AC8 /* Main.storyboard */; };
		A4C2D18E19D2AD6500062518 /* MessageUI.framework in Frameworks */ = {isa = PBXBuildFile; fileRef = A4C2D18D19D2AD6400062518 /* MessageUI.framework */; };
		A4D2BCF119E12FF60084DDC5 /* PlaylistsViewController.m in Sources */ = {isa = PBXBuildFile; fileRef = A4D2BCF019E12FF50084DDC5 /* PlaylistsViewController.m */; };
		A4E8FCC119D92B83006EEE8B /* Playlist.m in Sources */ = {isa = PBXBuildFile; fileRef = A4E8FCC019D92B83006EEE8B /* Playlist.m */; };
		A4E8FCC419D92B83006EEE8B /* PlaylistSong.m in Sources */ = {isa = PBXBuildFile; fileRef = A4E8FCC319D92B83006EEE8B /* PlaylistSong.m */; };
		A4E8FCC719D92BC7006EEE8B /* AtraciModel.xcdatamodeld in Sources */ = {isa = PBXBuildFile; fileRef = A4E8FCC519D92BC7006EEE8B /* AtraciModel.xcdatamodeld */; };
		A4E985B119D8E7F0005AD8C6 /* CoreData.framework in Frameworks */ = {isa = PBXBuildFile; fileRef = A4E985B019D8E7F0005AD8C6 /* CoreData.framework */; };
		A4EE4774195F9B20002C3AC8 /* main.m in Sources */ = {isa = PBXBuildFile; fileRef = A4EE4773195F9B20002C3AC8 /* main.m */; };
		A4EE4777195F9B20002C3AC8 /* AppDelegate.m in Sources */ = {isa = PBXBuildFile; fileRef = A4EE4776195F9B20002C3AC8 /* AppDelegate.m */; };
		A4EE4782195F9B20002C3AC8 /* Images.xcassets in Resources */ = {isa = PBXBuildFile; fileRef = A4EE4781195F9B20002C3AC8 /* Images.xcassets */; };
		A4EE478E195F9B20002C3AC8 /* AtraciTests.m in Sources */ = {isa = PBXBuildFile; fileRef = A4EE478D195F9B20002C3AC8 /* AtraciTests.m */; };
		A4F57603197CC78600499E94 /* MediaPlayer.framework in Frameworks */ = {isa = PBXBuildFile; fileRef = A4F57602197CC78600499E94 /* MediaPlayer.framework */; };
		A4F71C2119BD2A5C000C93AB /* SettingsWebViewController.m in Sources */ = {isa = PBXBuildFile; fileRef = A4F71C2019BD2A5C000C93AB /* SettingsWebViewController.m */; };
/* End PBXBuildFile section */

/* Begin PBXContainerItemProxy section */
		A49BCA521962890300EBDBE9 /* PBXContainerItemProxy */ = {
			isa = PBXContainerItemProxy;
			containerPortal = A4EE4766195F9B20002C3AC8 /* Project object */;
			proxyType = 1;
			remoteGlobalIDString = A4EE476D195F9B20002C3AC8;
			remoteInfo = Atraci;
		};
		A49BCA541962890300EBDBE9 /* PBXContainerItemProxy */ = {
			isa = PBXContainerItemProxy;
			containerPortal = A4EE4766195F9B20002C3AC8 /* Project object */;
			proxyType = 1;
			remoteGlobalIDString = A4EE476D195F9B20002C3AC8;
			remoteInfo = Atraci;
		};
		A4EE4788195F9B20002C3AC8 /* PBXContainerItemProxy */ = {
			isa = PBXContainerItemProxy;
			containerPortal = A4EE4766195F9B20002C3AC8 /* Project object */;
			proxyType = 1;
			remoteGlobalIDString = A4EE476D195F9B20002C3AC8;
			remoteInfo = Atraci;
		};
		A4F57600197C629B00499E94 /* PBXContainerItemProxy */ = {
			isa = PBXContainerItemProxy;
			containerPortal = A4EE4766195F9B20002C3AC8 /* Project object */;
			proxyType = 1;
			remoteGlobalIDString = A4EE476D195F9B20002C3AC8;
			remoteInfo = Atraci;
		};
/* End PBXContainerItemProxy section */

/* Begin PBXFileReference section */
		9DC3D76819A505EF00DFE919 /* Atraci-Prefix.pch */ = {isa = PBXFileReference; fileEncoding = 4; lastKnownFileType = sourcecode.c.h; path = "Atraci-Prefix.pch"; sourceTree = "<group>"; };
		A40811FE19A336E100A98688 /* QueueViewController.h */ = {isa = PBXFileReference; fileEncoding = 4; lastKnownFileType = sourcecode.c.h; path = QueueViewController.h; sourceTree = "<group>"; };
		A40811FF19A336E100A98688 /* QueueViewController.m */ = {isa = PBXFileReference; fileEncoding = 4; lastKnownFileType = sourcecode.c.objc; path = QueueViewController.m; sourceTree = "<group>"; };
		A408120019A336E100A98688 /* SearchResultViewController.h */ = {isa = PBXFileReference; fileEncoding = 4; lastKnownFileType = sourcecode.c.h; path = SearchResultViewController.h; sourceTree = "<group>"; };
		A408120119A336E100A98688 /* SearchResultViewController.m */ = {isa = PBXFileReference; fileEncoding = 4; lastKnownFileType = sourcecode.c.objc; path = SearchResultViewController.m; sourceTree = "<group>"; };
		A408120219A336E100A98688 /* SettingsTableViewController.h */ = {isa = PBXFileReference; fileEncoding = 4; lastKnownFileType = sourcecode.c.h; path = SettingsTableViewController.h; sourceTree = "<group>"; };
		A408120319A336E100A98688 /* SettingsTableViewController.m */ = {isa = PBXFileReference; fileEncoding = 4; lastKnownFileType = sourcecode.c.objc; path = SettingsTableViewController.m; sourceTree = "<group>"; };
		A4165BD819F476110038DD2C /* AppSetting.h */ = {isa = PBXFileReference; fileEncoding = 4; lastKnownFileType = sourcecode.c.h; name = AppSetting.h; path = Storage/AppSetting.h; sourceTree = "<group>"; };
		A4165BD919F476110038DD2C /* AppSetting.m */ = {isa = PBXFileReference; fileEncoding = 4; lastKnownFileType = sourcecode.c.objc; name = AppSetting.m; path = Storage/AppSetting.m; sourceTree = "<group>"; };
		A426416C19D6AF4E00C79365 /* AtraciLogo.png */ = {isa = PBXFileReference; lastKnownFileType = image.png; path = AtraciLogo.png; sourceTree = "<group>"; };
		A442394919DA516100471DAD /* ATCSong.h */ = {isa = PBXFileReference; fileEncoding = 4; lastKnownFileType = sourcecode.c.h; name = ATCSong.h; path = Model/ATCSong.h; sourceTree = "<group>"; };
		A442394A19DA516100471DAD /* ATCSong.m */ = {isa = PBXFileReference; fileEncoding = 4; lastKnownFileType = sourcecode.c.objc; name = ATCSong.m; path = Model/ATCSong.m; sourceTree = "<group>"; };
		A442394C19DA68F800471DAD /* ATCLogicAlgorithms.h */ = {isa = PBXFileReference; fileEncoding = 4; lastKnownFileType = sourcecode.c.h; path = ATCLogicAlgorithms.h; sourceTree = "<group>"; };
		A442394D19DA68F800471DAD /* ATCLogicAlgorithms.m */ = {isa = PBXFileReference; fileEncoding = 4; lastKnownFileType = sourcecode.c.objc; path = ATCLogicAlgorithms.m; sourceTree = "<group>"; };
		A4513E7719A334C800E84374 /* Atraci.ico */ = {isa = PBXFileReference; lastKnownFileType = image.ico; path = Atraci.ico; sourceTree = "<group>"; };
		A4513E7819A334C800E84374 /* Atraci.png */ = {isa = PBXFileReference; lastKnownFileType = image.png; path = Atraci.png; sourceTree = "<group>"; };
		A4513E7919A334C800E84374 /* cover_default_large.png */ = {isa = PBXFileReference; lastKnownFileType = image.png; path = cover_default_large.png; sourceTree = "<group>"; };
		A4513E7A19A334C800E84374 /* icon.icns */ = {isa = PBXFileReference; lastKnownFileType = image.icns; path = icon.icns; sourceTree = "<group>"; };
		A4513E7B19A334C800E84374 /* icon.png */ = {isa = PBXFileReference; lastKnownFileType = image.png; path = icon.png; sourceTree = "<group>"; };
		A4513E7C19A334C800E84374 /* icon2.png */ = {isa = PBXFileReference; lastKnownFileType = image.png; path = icon2.png; sourceTree = "<group>"; };
		A4513E7D19A334C800E84374 /* music_transcript-25.png */ = {isa = PBXFileReference; lastKnownFileType = image.png; path = "music_transcript-25.png"; sourceTree = "<group>"; };
		A4513E7E19A334C800E84374 /* music_transcript-50.png */ = {isa = PBXFileReference; lastKnownFileType = image.png; path = "music_transcript-50.png"; sourceTree = "<group>"; };
		A4513E7F19A334C800E84374 /* search.png */ = {isa = PBXFileReference; lastKnownFileType = image.png; path = search.png; sourceTree = "<group>"; };
		A4513E8019A334C800E84374 /* search@2x.png */ = {isa = PBXFileReference; lastKnownFileType = image.png; path = "search@2x.png"; sourceTree = "<group>"; };
		A4513E8119A334C800E84374 /* settings-25.png */ = {isa = PBXFileReference; lastKnownFileType = image.png; path = "settings-25.png"; sourceTree = "<group>"; };
		A4513E8219A334C800E84374 /* settings-50.png */ = {isa = PBXFileReference; lastKnownFileType = image.png; path = "settings-50.png"; sourceTree = "<group>"; };
		A4513E9019A334E800E84374 /* ArtistCell.h */ = {isa = PBXFileReference; fileEncoding = 4; lastKnownFileType = sourcecode.c.h; path = ArtistCell.h; sourceTree = "<group>"; };
		A4513E9119A334E800E84374 /* ArtistCell.m */ = {isa = PBXFileReference; fileEncoding = 4; lastKnownFileType = sourcecode.c.objc; path = ArtistCell.m; sourceTree = "<group>"; };
		A4513EA219A3350300E84374 /* YTPlayerView-iframe-player.html */ = {isa = PBXFileReference; fileEncoding = 4; lastKnownFileType = text.html; path = "YTPlayerView-iframe-player.html"; sourceTree = "<group>"; };
		A4513EA419A3350300E84374 /* YTPlayerView.h */ = {isa = PBXFileReference; fileEncoding = 4; lastKnownFileType = sourcecode.c.h; path = YTPlayerView.h; sourceTree = "<group>"; };
		A4513EA519A3350300E84374 /* YTPlayerView.m */ = {isa = PBXFileReference; fileEncoding = 4; lastKnownFileType = sourcecode.c.objc; path = YTPlayerView.m; sourceTree = "<group>"; };
		A4513EA719A3350300E84374 /* SVProgressHUD-Prefix.pch */ = {isa = PBXFileReference; fileEncoding = 4; lastKnownFileType = sourcecode.c.h; path = "SVProgressHUD-Prefix.pch"; sourceTree = "<group>"; };
		A4513EA819A3350300E84374 /* SVProgressHUD.bundle */ = {isa = PBXFileReference; lastKnownFileType = "wrapper.plug-in"; path = SVProgressHUD.bundle; sourceTree = "<group>"; };
		A4513EA919A3350300E84374 /* SVProgressHUD.h */ = {isa = PBXFileReference; fileEncoding = 4; lastKnownFileType = sourcecode.c.h; path = SVProgressHUD.h; sourceTree = "<group>"; };
		A4513EAA19A3350300E84374 /* SVProgressHUD.m */ = {isa = PBXFileReference; fileEncoding = 4; lastKnownFileType = sourcecode.c.objc; path = SVProgressHUD.m; sourceTree = "<group>"; };
		A4513EB519A3352F00E84374 /* QueueSingleton.h */ = {isa = PBXFileReference; fileEncoding = 4; lastKnownFileType = sourcecode.c.h; path = QueueSingleton.h; sourceTree = "<group>"; };
		A4513EB619A3352F00E84374 /* QueueSingleton.m */ = {isa = PBXFileReference; fileEncoding = 4; lastKnownFileType = sourcecode.c.objc; path = QueueSingleton.m; sourceTree = "<group>"; };
		A4513EB719A3352F00E84374 /* RequestClass.h */ = {isa = PBXFileReference; fileEncoding = 4; lastKnownFileType = sourcecode.c.h; path = RequestClass.h; sourceTree = "<group>"; };
		A4513EB819A3352F00E84374 /* RequestClass.m */ = {isa = PBXFileReference; fileEncoding = 4; lastKnownFileType = sourcecode.c.objc; path = RequestClass.m; sourceTree = "<group>"; };
		A464B13019E0F38A00F5ADCB /* ATCPlaylistHelper.h */ = {isa = PBXFileReference; fileEncoding = 4; lastKnownFileType = sourcecode.c.h; path = ATCPlaylistHelper.h; sourceTree = "<group>"; };
		A464B13119E0F38A00F5ADCB /* ATCPlaylistHelper.m */ = {isa = PBXFileReference; fileEncoding = 4; lastKnownFileType = sourcecode.c.objc; path = ATCPlaylistHelper.m; sourceTree = "<group>"; };
		A47ED784197272A1003AEDB7 /* AVFoundation.framework */ = {isa = PBXFileReference; lastKnownFileType = wrapper.framework; name = AVFoundation.framework; path = System/Library/Frameworks/AVFoundation.framework; sourceTree = SDKROOT; };
		A49810F5197234E0000CAE28 /* QuartzCore.framework */ = {isa = PBXFileReference; lastKnownFileType = wrapper.framework; name = QuartzCore.framework; path = System/Library/Frameworks/QuartzCore.framework; sourceTree = SDKROOT; };
		A4C2D18D19D2AD6400062518 /* MessageUI.framework */ = {isa = PBXFileReference; lastKnownFileType = wrapper.framework; name = MessageUI.framework; path = System/Library/Frameworks/MessageUI.framework; sourceTree = SDKROOT; };
		A4D2BCEF19E12FF50084DDC5 /* PlaylistsViewController.h */ = {isa = PBXFileReference; fileEncoding = 4; lastKnownFileType = sourcecode.c.h; path = PlaylistsViewController.h; sourceTree = "<group>"; };
		A4D2BCF019E12FF50084DDC5 /* PlaylistsViewController.m */ = {isa = PBXFileReference; fileEncoding = 4; lastKnownFileType = sourcecode.c.objc; path = PlaylistsViewController.m; sourceTree = "<group>"; };
		A4E8FCBF19D92B83006EEE8B /* Playlist.h */ = {isa = PBXFileReference; fileEncoding = 4; lastKnownFileType = sourcecode.c.h; name = Playlist.h; path = Storage/Playlist.h; sourceTree = "<group>"; };
		A4E8FCC019D92B83006EEE8B /* Playlist.m */ = {isa = PBXFileReference; fileEncoding = 4; lastKnownFileType = sourcecode.c.objc; name = Playlist.m; path = Storage/Playlist.m; sourceTree = "<group>"; };
		A4E8FCC219D92B83006EEE8B /* PlaylistSong.h */ = {isa = PBXFileReference; fileEncoding = 4; lastKnownFileType = sourcecode.c.h; name = PlaylistSong.h; path = Storage/PlaylistSong.h; sourceTree = "<group>"; };
		A4E8FCC319D92B83006EEE8B /* PlaylistSong.m */ = {isa = PBXFileReference; fileEncoding = 4; lastKnownFileType = sourcecode.c.objc; name = PlaylistSong.m; path = Storage/PlaylistSong.m; sourceTree = "<group>"; };
		A4E8FCC619D92BC7006EEE8B /* AtraciModel.xcdatamodel */ = {isa = PBXFileReference; lastKnownFileType = wrapper.xcdatamodel; path = AtraciModel.xcdatamodel; sourceTree = "<group>"; };
		A4E985B019D8E7F0005AD8C6 /* CoreData.framework */ = {isa = PBXFileReference; lastKnownFileType = wrapper.framework; name = CoreData.framework; path = System/Library/Frameworks/CoreData.framework; sourceTree = SDKROOT; };
		A4EE476E195F9B20002C3AC8 /* Atraci.app */ = {isa = PBXFileReference; explicitFileType = wrapper.application; includeInIndex = 0; path = Atraci.app; sourceTree = BUILT_PRODUCTS_DIR; };
		A4EE4772195F9B20002C3AC8 /* Info.plist */ = {isa = PBXFileReference; lastKnownFileType = text.plist.xml; path = Info.plist; sourceTree = "<group>"; };
		A4EE4773195F9B20002C3AC8 /* main.m */ = {isa = PBXFileReference; lastKnownFileType = sourcecode.c.objc; path = main.m; sourceTree = "<group>"; };
		A4EE4775195F9B20002C3AC8 /* AppDelegate.h */ = {isa = PBXFileReference; lastKnownFileType = sourcecode.c.h; path = AppDelegate.h; sourceTree = "<group>"; };
		A4EE4776195F9B20002C3AC8 /* AppDelegate.m */ = {isa = PBXFileReference; lastKnownFileType = sourcecode.c.objc; path = AppDelegate.m; sourceTree = "<group>"; };
		A4EE477F195F9B20002C3AC8 /* Base */ = {isa = PBXFileReference; lastKnownFileType = file.storyboard; name = Base; path = Base.lproj/Main.storyboard; sourceTree = "<group>"; };
		A4EE4781195F9B20002C3AC8 /* Images.xcassets */ = {isa = PBXFileReference; lastKnownFileType = folder.assetcatalog; path = Images.xcassets; sourceTree = "<group>"; };
		A4EE4787195F9B20002C3AC8 /* AtraciTests.xctest */ = {isa = PBXFileReference; explicitFileType = wrapper.cfbundle; includeInIndex = 0; path = AtraciTests.xctest; sourceTree = BUILT_PRODUCTS_DIR; };
		A4EE478C195F9B20002C3AC8 /* Info.plist */ = {isa = PBXFileReference; lastKnownFileType = text.plist.xml; path = Info.plist; sourceTree = "<group>"; };
		A4EE478D195F9B20002C3AC8 /* AtraciTests.m */ = {isa = PBXFileReference; lastKnownFileType = sourcecode.c.objc; path = AtraciTests.m; sourceTree = "<group>"; };
		A4F57602197CC78600499E94 /* MediaPlayer.framework */ = {isa = PBXFileReference; lastKnownFileType = wrapper.framework; name = MediaPlayer.framework; path = System/Library/Frameworks/MediaPlayer.framework; sourceTree = SDKROOT; };
		A4F71C1F19BD2A5C000C93AB /* SettingsWebViewController.h */ = {isa = PBXFileReference; fileEncoding = 4; lastKnownFileType = sourcecode.c.h; path = SettingsWebViewController.h; sourceTree = "<group>"; };
		A4F71C2019BD2A5C000C93AB /* SettingsWebViewController.m */ = {isa = PBXFileReference; fileEncoding = 4; lastKnownFileType = sourcecode.c.objc; path = SettingsWebViewController.m; sourceTree = "<group>"; };
/* End PBXFileReference section */

/* Begin PBXFrameworksBuildPhase section */
		A4EE476B195F9B20002C3AC8 /* Frameworks */ = {
			isa = PBXFrameworksBuildPhase;
			buildActionMask = 2147483647;
			files = (
				A4E985B119D8E7F0005AD8C6 /* CoreData.framework in Frameworks */,
				A4C2D18E19D2AD6500062518 /* MessageUI.framework in Frameworks */,
				A4F57603197CC78600499E94 /* MediaPlayer.framework in Frameworks */,
				A47ED785197272A1003AEDB7 /* AVFoundation.framework in Frameworks */,
				A49810F6197234E0000CAE28 /* QuartzCore.framework in Frameworks */,
			);
			runOnlyForDeploymentPostprocessing = 0;
		};
		A4EE4784195F9B20002C3AC8 /* Frameworks */ = {
			isa = PBXFrameworksBuildPhase;
			buildActionMask = 2147483647;
			files = (
			);
			runOnlyForDeploymentPostprocessing = 0;
		};
/* End PBXFrameworksBuildPhase section */

/* Begin PBXGroup section */
		A40811FD19A336E100A98688 /* ViewControllers */ = {
			isa = PBXGroup;
			children = (
				A40811FE19A336E100A98688 /* QueueViewController.h */,
				A40811FF19A336E100A98688 /* QueueViewController.m */,
				A408120019A336E100A98688 /* SearchResultViewController.h */,
				A408120119A336E100A98688 /* SearchResultViewController.m */,
				A408120219A336E100A98688 /* SettingsTableViewController.h */,
				A408120319A336E100A98688 /* SettingsTableViewController.m */,
				A4F71C1F19BD2A5C000C93AB /* SettingsWebViewController.h */,
				A4F71C2019BD2A5C000C93AB /* SettingsWebViewController.m */,
				A4D2BCEF19E12FF50084DDC5 /* PlaylistsViewController.h */,
				A4D2BCF019E12FF50084DDC5 /* PlaylistsViewController.m */,
			);
			path = ViewControllers;
			sourceTree = "<group>";
		};
		A442394819DA502900471DAD /* Model */ = {
			isa = PBXGroup;
			children = (
				A442394919DA516100471DAD /* ATCSong.h */,
				A442394A19DA516100471DAD /* ATCSong.m */,
			);
			name = Model;
			sourceTree = "<group>";
		};
		A4513E7619A334C800E84374 /* Images */ = {
			isa = PBXGroup;
			children = (
				A4513E7719A334C800E84374 /* Atraci.ico */,
				A4513E7819A334C800E84374 /* Atraci.png */,
				A426416C19D6AF4E00C79365 /* AtraciLogo.png */,
				A4513E7919A334C800E84374 /* cover_default_large.png */,
				A4513E7A19A334C800E84374 /* icon.icns */,
				A4513E7B19A334C800E84374 /* icon.png */,
				A4513E7C19A334C800E84374 /* icon2.png */,
				A4513E7D19A334C800E84374 /* music_transcript-25.png */,
				A4513E7E19A334C800E84374 /* music_transcript-50.png */,
				A4513E7F19A334C800E84374 /* search.png */,
				A4513E8019A334C800E84374 /* search@2x.png */,
				A4513E8119A334C800E84374 /* settings-25.png */,
				A4513E8219A334C800E84374 /* settings-50.png */,
			);
			path = Images;
			sourceTree = "<group>";
		};
		A4513E8F19A334E800E84374 /* Cells */ = {
			isa = PBXGroup;
			children = (
				A4513E9019A334E800E84374 /* ArtistCell.h */,
				A4513E9119A334E800E84374 /* ArtistCell.m */,
			);
			path = Cells;
			sourceTree = "<group>";
		};
		A4513E9F19A3350300E84374 /* Libraries */ = {
			isa = PBXGroup;
			children = (
				A4513EA019A3350300E84374 /* Google */,
				A4513EA619A3350300E84374 /* SVProgressHUD */,
			);
			path = Libraries;
			sourceTree = "<group>";
		};
		A4513EA019A3350300E84374 /* Google */ = {
			isa = PBXGroup;
			children = (
				A4513EA119A3350300E84374 /* Assets */,
				A4513EA319A3350300E84374 /* Classes */,
			);
			path = Google;
			sourceTree = "<group>";
		};
		A4513EA119A3350300E84374 /* Assets */ = {
			isa = PBXGroup;
			children = (
				A4513EA219A3350300E84374 /* YTPlayerView-iframe-player.html */,
			);
			path = Assets;
			sourceTree = "<group>";
		};
		A4513EA319A3350300E84374 /* Classes */ = {
			isa = PBXGroup;
			children = (
				A4513EA419A3350300E84374 /* YTPlayerView.h */,
				A4513EA519A3350300E84374 /* YTPlayerView.m */,
			);
			path = Classes;
			sourceTree = "<group>";
		};
		A4513EA619A3350300E84374 /* SVProgressHUD */ = {
			isa = PBXGroup;
			children = (
				A4513EA719A3350300E84374 /* SVProgressHUD-Prefix.pch */,
				A4513EA819A3350300E84374 /* SVProgressHUD.bundle */,
				A4513EA919A3350300E84374 /* SVProgressHUD.h */,
				A4513EAA19A3350300E84374 /* SVProgressHUD.m */,
			);
			path = SVProgressHUD;
			sourceTree = "<group>";
		};
		A4513EB419A3352F00E84374 /* Helpers */ = {
			isa = PBXGroup;
			children = (
				A4513EB519A3352F00E84374 /* QueueSingleton.h */,
				A4513EB619A3352F00E84374 /* QueueSingleton.m */,
				A4513EB719A3352F00E84374 /* RequestClass.h */,
				A4513EB819A3352F00E84374 /* RequestClass.m */,
				A442394C19DA68F800471DAD /* ATCLogicAlgorithms.h */,
				A442394D19DA68F800471DAD /* ATCLogicAlgorithms.m */,
				A464B13019E0F38A00F5ADCB /* ATCPlaylistHelper.h */,
				A464B13119E0F38A00F5ADCB /* ATCPlaylistHelper.m */,
			);
			path = Helpers;
			sourceTree = "<group>";
		};
		A49810F71972350F000CAE28 /* Frameworks */ = {
			isa = PBXGroup;
			children = (
				A4E985B019D8E7F0005AD8C6 /* CoreData.framework */,
				A4C2D18D19D2AD6400062518 /* MessageUI.framework */,
				A4F57602197CC78600499E94 /* MediaPlayer.framework */,
				A47ED784197272A1003AEDB7 /* AVFoundation.framework */,
				A49810F5197234E0000CAE28 /* QuartzCore.framework */,
			);
			name = Frameworks;
			sourceTree = "<group>";
		};
		A4E985A919D8DF78005AD8C6 /* Storage */ = {
			isa = PBXGroup;
			children = (
				A4E8FCC519D92BC7006EEE8B /* AtraciModel.xcdatamodeld */,
				A4E8FCBF19D92B83006EEE8B /* Playlist.h */,
				A4E8FCC019D92B83006EEE8B /* Playlist.m */,
				A4E8FCC219D92B83006EEE8B /* PlaylistSong.h */,
				A4E8FCC319D92B83006EEE8B /* PlaylistSong.m */,
				A4165BD819F476110038DD2C /* AppSetting.h */,
				A4165BD919F476110038DD2C /* AppSetting.m */,
			);
			name = Storage;
			sourceTree = "<group>";
		};
		A4EE4765195F9B20002C3AC8 = {
			isa = PBXGroup;
			children = (
				A4EE4770195F9B20002C3AC8 /* Atraci */,
				A4EE478A195F9B20002C3AC8 /* AtraciTests */,
				A49810F71972350F000CAE28 /* Frameworks */,
				A4EE476F195F9B20002C3AC8 /* Products */,
			);
			sourceTree = "<group>";
		};
		A4EE476F195F9B20002C3AC8 /* Products */ = {
			isa = PBXGroup;
			children = (
				A4EE476E195F9B20002C3AC8 /* Atraci.app */,
				A4EE4787195F9B20002C3AC8 /* AtraciTests.xctest */,
			);
			name = Products;
			sourceTree = "<group>";
		};
		A4EE4770195F9B20002C3AC8 /* Atraci */ = {
			isa = PBXGroup;
			children = (
				A4513E9F19A3350300E84374 /* Libraries */,
				A442394819DA502900471DAD /* Model */,
				A4E985A919D8DF78005AD8C6 /* Storage */,
				A4513EB419A3352F00E84374 /* Helpers */,
				A40811FD19A336E100A98688 /* ViewControllers */,
				A4513E8F19A334E800E84374 /* Cells */,
				A4EE4775195F9B20002C3AC8 /* AppDelegate.h */,
				A4EE4776195F9B20002C3AC8 /* AppDelegate.m */,
				A4EE477E195F9B20002C3AC8 /* Main.storyboard */,
				A4EE4781195F9B20002C3AC8 /* Images.xcassets */,
				A4513E7619A334C800E84374 /* Images */,
				A4EE4771195F9B20002C3AC8 /* Supporting Files */,
			);
			path = Atraci;
			sourceTree = "<group>";
		};
		A4EE4771195F9B20002C3AC8 /* Supporting Files */ = {
			isa = PBXGroup;
			children = (
				A4EE4772195F9B20002C3AC8 /* Info.plist */,
				A4EE4773195F9B20002C3AC8 /* main.m */,
				9DC3D76819A505EF00DFE919 /* Atraci-Prefix.pch */,
			);
			name = "Supporting Files";
			sourceTree = "<group>";
		};
		A4EE478A195F9B20002C3AC8 /* AtraciTests */ = {
			isa = PBXGroup;
			children = (
				A4EE478D195F9B20002C3AC8 /* AtraciTests.m */,
				A4EE478B195F9B20002C3AC8 /* Supporting Files */,
			);
			path = AtraciTests;
			sourceTree = "<group>";
		};
		A4EE478B195F9B20002C3AC8 /* Supporting Files */ = {
			isa = PBXGroup;
			children = (
				A4EE478C195F9B20002C3AC8 /* Info.plist */,
			);
			name = "Supporting Files";
			sourceTree = "<group>";
		};
/* End PBXGroup section */

/* Begin PBXNativeTarget section */
		A4EE476D195F9B20002C3AC8 /* Atraci */ = {
			isa = PBXNativeTarget;
			buildConfigurationList = A4EE4791195F9B20002C3AC8 /* Build configuration list for PBXNativeTarget "Atraci" */;
			buildPhases = (
				A4EE476A195F9B20002C3AC8 /* Sources */,
				A4EE476B195F9B20002C3AC8 /* Frameworks */,
				A4EE476C195F9B20002C3AC8 /* Resources */,
			);
			buildRules = (
			);
			dependencies = (
			);
			name = Atraci;
			productName = Atraci;
			productReference = A4EE476E195F9B20002C3AC8 /* Atraci.app */;
			productType = "com.apple.product-type.application";
		};
		A4EE4786195F9B20002C3AC8 /* AtraciTests */ = {
			isa = PBXNativeTarget;
			buildConfigurationList = A4EE4794195F9B20002C3AC8 /* Build configuration list for PBXNativeTarget "AtraciTests" */;
			buildPhases = (
				A4EE4783195F9B20002C3AC8 /* Sources */,
				A4EE4784195F9B20002C3AC8 /* Frameworks */,
				A4EE4785195F9B20002C3AC8 /* Resources */,
			);
			buildRules = (
			);
			dependencies = (
				A4EE4789195F9B20002C3AC8 /* PBXTargetDependency */,
				A49BCA531962890300EBDBE9 /* PBXTargetDependency */,
				A49BCA551962890300EBDBE9 /* PBXTargetDependency */,
				A4F57601197C629B00499E94 /* PBXTargetDependency */,
			);
			name = AtraciTests;
			productName = AtraciTests;
			productReference = A4EE4787195F9B20002C3AC8 /* AtraciTests.xctest */;
			productType = "com.apple.product-type.bundle.unit-test";
		};
/* End PBXNativeTarget section */

/* Begin PBXProject section */
		A4EE4766195F9B20002C3AC8 /* Project object */ = {
			isa = PBXProject;
			attributes = {
				LastUpgradeCheck = 0600;
				ORGANIZATIONNAME = Atraci;
				TargetAttributes = {
					A4EE476D195F9B20002C3AC8 = {
						CreatedOnToolsVersion = 6.0;
						DevelopmentTeam = LXTZ7EZD67;
					};
					A4EE4786195F9B20002C3AC8 = {
						CreatedOnToolsVersion = 6.0;
						DevelopmentTeam = F38M23FYV6;
						TestTargetID = A4EE476D195F9B20002C3AC8;
					};
				};
			};
			buildConfigurationList = A4EE4769195F9B20002C3AC8 /* Build configuration list for PBXProject "Atraci" */;
			compatibilityVersion = "Xcode 3.2";
			developmentRegion = English;
			hasScannedForEncodings = 0;
			knownRegions = (
				en,
				Base,
			);
			mainGroup = A4EE4765195F9B20002C3AC8;
			productRefGroup = A4EE476F195F9B20002C3AC8 /* Products */;
			projectDirPath = "";
			projectRoot = "";
			targets = (
				A4EE476D195F9B20002C3AC8 /* Atraci */,
				A4EE4786195F9B20002C3AC8 /* AtraciTests */,
			);
		};
/* End PBXProject section */

/* Begin PBXResourcesBuildPhase section */
		A4EE476C195F9B20002C3AC8 /* Resources */ = {
			isa = PBXResourcesBuildPhase;
			buildActionMask = 2147483647;
			files = (
				A4A36965199C824A00F69560 /* Main.storyboard in Resources */,
				A4513E8819A334C800E84374 /* icon2.png in Resources */,
				A4513E8A19A334C800E84374 /* music_transcript-50.png in Resources */,
				A4513E8419A334C800E84374 /* Atraci.png in Resources */,
				A4513E8719A334C800E84374 /* icon.png in Resources */,
				A4513E8E19A334C800E84374 /* settings-50.png in Resources */,
				A4513E8319A334C800E84374 /* Atraci.ico in Resources */,
				A426416D19D6AF4E00C79365 /* AtraciLogo.png in Resources */,
				A4513E8519A334C800E84374 /* cover_default_large.png in Resources */,
				A4513E8D19A334C800E84374 /* settings-25.png in Resources */,
				A4513E8B19A334C800E84374 /* search.png in Resources */,
				A4513E8619A334C800E84374 /* icon.icns in Resources */,
				A4513EB219A3350300E84374 /* SVProgressHUD.bundle in Resources */,
				A4513E8C19A334C800E84374 /* search@2x.png in Resources */,
				A4EE4782195F9B20002C3AC8 /* Images.xcassets in Resources */,
				A4513E8919A334C800E84374 /* music_transcript-25.png in Resources */,
				A4513EB019A3350300E84374 /* YTPlayerView-iframe-player.html in Resources */,
			);
			runOnlyForDeploymentPostprocessing = 0;
		};
		A4EE4785195F9B20002C3AC8 /* Resources */ = {
			isa = PBXResourcesBuildPhase;
			buildActionMask = 2147483647;
			files = (
			);
			runOnlyForDeploymentPostprocessing = 0;
		};
/* End PBXResourcesBuildPhase section */

/* Begin PBXSourcesBuildPhase section */
		A4EE476A195F9B20002C3AC8 /* Sources */ = {
			isa = PBXSourcesBuildPhase;
			buildActionMask = 2147483647;
			files = (
				A4F71C2119BD2A5C000C93AB /* SettingsWebViewController.m in Sources */,
				A4513EB119A3350300E84374 /* YTPlayerView.m in Sources */,
				A4EE4777195F9B20002C3AC8 /* AppDelegate.m in Sources */,
				A4EE4774195F9B20002C3AC8 /* main.m in Sources */,
				A4513EB919A3352F00E84374 /* QueueSingleton.m in Sources */,
				A4D2BCF119E12FF60084DDC5 /* PlaylistsViewController.m in Sources */,
				A4513E9219A334E800E84374 /* ArtistCell.m in Sources */,
				A4E8FCC119D92B83006EEE8B /* Playlist.m in Sources */,
				A408120619A336E100A98688 /* SettingsTableViewController.m in Sources */,
				A4513EBA19A3352F00E84374 /* RequestClass.m in Sources */,
				A4165BDA19F476110038DD2C /* AppSetting.m in Sources */,
				A442394B19DA516100471DAD /* ATCSong.m in Sources */,
				A408120419A336E100A98688 /* QueueViewController.m in Sources */,
				A4513EB319A3350300E84374 /* SVProgressHUD.m in Sources */,
				A4E8FCC719D92BC7006EEE8B /* AtraciModel.xcdatamodeld in Sources */,
				A4E8FCC419D92B83006EEE8B /* PlaylistSong.m in Sources */,
				A464B13219E0F38A00F5ADCB /* ATCPlaylistHelper.m in Sources */,
				A408120519A336E100A98688 /* SearchResultViewController.m in Sources */,
				A442394E19DA68F800471DAD /* ATCLogicAlgorithms.m in Sources */,
			);
			runOnlyForDeploymentPostprocessing = 0;
		};
		A4EE4783195F9B20002C3AC8 /* Sources */ = {
			isa = PBXSourcesBuildPhase;
			buildActionMask = 2147483647;
			files = (
				A4EE478E195F9B20002C3AC8 /* AtraciTests.m in Sources */,
			);
			runOnlyForDeploymentPostprocessing = 0;
		};
/* End PBXSourcesBuildPhase section */

/* Begin PBXTargetDependency section */
		A49BCA531962890300EBDBE9 /* PBXTargetDependency */ = {
			isa = PBXTargetDependency;
			target = A4EE476D195F9B20002C3AC8 /* Atraci */;
			targetProxy = A49BCA521962890300EBDBE9 /* PBXContainerItemProxy */;
		};
		A49BCA551962890300EBDBE9 /* PBXTargetDependency */ = {
			isa = PBXTargetDependency;
			target = A4EE476D195F9B20002C3AC8 /* Atraci */;
			targetProxy = A49BCA541962890300EBDBE9 /* PBXContainerItemProxy */;
		};
		A4EE4789195F9B20002C3AC8 /* PBXTargetDependency */ = {
			isa = PBXTargetDependency;
			target = A4EE476D195F9B20002C3AC8 /* Atraci */;
			targetProxy = A4EE4788195F9B20002C3AC8 /* PBXContainerItemProxy */;
		};
		A4F57601197C629B00499E94 /* PBXTargetDependency */ = {
			isa = PBXTargetDependency;
			target = A4EE476D195F9B20002C3AC8 /* Atraci */;
			targetProxy = A4F57600197C629B00499E94 /* PBXContainerItemProxy */;
		};
/* End PBXTargetDependency section */

/* Begin PBXVariantGroup section */
		A4EE477E195F9B20002C3AC8 /* Main.storyboard */ = {
			isa = PBXVariantGroup;
			children = (
				A4EE477F195F9B20002C3AC8 /* Base */,
			);
			name = Main.storyboard;
			sourceTree = "<group>";
		};
/* End PBXVariantGroup section */

/* Begin XCBuildConfiguration section */
		A4EE478F195F9B20002C3AC8 /* Debug */ = {
			isa = XCBuildConfiguration;
			buildSettings = {
				ALWAYS_SEARCH_USER_PATHS = NO;
				CLANG_CXX_LANGUAGE_STANDARD = "gnu++0x";
				CLANG_CXX_LIBRARY = "libc++";
				CLANG_ENABLE_MODULES = YES;
				CLANG_ENABLE_OBJC_ARC = YES;
				CLANG_WARN_BOOL_CONVERSION = YES;
				CLANG_WARN_CONSTANT_CONVERSION = YES;
				CLANG_WARN_DIRECT_OBJC_ISA_USAGE = YES_ERROR;
				CLANG_WARN_EMPTY_BODY = YES;
				CLANG_WARN_ENUM_CONVERSION = YES;
				CLANG_WARN_INT_CONVERSION = YES;
				CLANG_WARN_OBJC_ROOT_CLASS = YES_ERROR;
				CLANG_WARN_UNREACHABLE_CODE = YES;
				CLANG_WARN__DUPLICATE_METHOD_MATCH = YES;
				CODE_SIGN_IDENTITY = "iPhone Developer";
				"CODE_SIGN_IDENTITY[sdk=iphoneos*]" = "iPhone Developer";
				COPY_PHASE_STRIP = NO;
				ENABLE_STRICT_OBJC_MSGSEND = YES;
				GCC_C_LANGUAGE_STANDARD = gnu99;
				GCC_DYNAMIC_NO_PIC = NO;
				GCC_OPTIMIZATION_LEVEL = 0;
				GCC_PREPROCESSOR_DEFINITIONS = (
					"DEBUG=1",
					"$(inherited)",
				);
				GCC_SYMBOLS_PRIVATE_EXTERN = NO;
				GCC_WARN_64_TO_32_BIT_CONVERSION = YES;
				GCC_WARN_ABOUT_RETURN_TYPE = YES_ERROR;
				GCC_WARN_UNDECLARED_SELECTOR = YES;
				GCC_WARN_UNINITIALIZED_AUTOS = YES_AGGRESSIVE;
				GCC_WARN_UNUSED_FUNCTION = YES;
				GCC_WARN_UNUSED_VARIABLE = YES;
				IPHONEOS_DEPLOYMENT_TARGET = 6.0;
				METAL_ENABLE_DEBUG_INFO = YES;
				ONLY_ACTIVE_ARCH = YES;
				SDKROOT = iphoneos;
				TARGETED_DEVICE_FAMILY = "1,2";
			};
			name = Debug;
		};
		A4EE4790195F9B20002C3AC8 /* Release */ = {
			isa = XCBuildConfiguration;
			buildSettings = {
				ALWAYS_SEARCH_USER_PATHS = NO;
				CLANG_CXX_LANGUAGE_STANDARD = "gnu++0x";
				CLANG_CXX_LIBRARY = "libc++";
				CLANG_ENABLE_MODULES = YES;
				CLANG_ENABLE_OBJC_ARC = YES;
				CLANG_WARN_BOOL_CONVERSION = YES;
				CLANG_WARN_CONSTANT_CONVERSION = YES;
				CLANG_WARN_DIRECT_OBJC_ISA_USAGE = YES_ERROR;
				CLANG_WARN_EMPTY_BODY = YES;
				CLANG_WARN_ENUM_CONVERSION = YES;
				CLANG_WARN_INT_CONVERSION = YES;
				CLANG_WARN_OBJC_ROOT_CLASS = YES_ERROR;
				CLANG_WARN_UNREACHABLE_CODE = YES;
				CLANG_WARN__DUPLICATE_METHOD_MATCH = YES;
				CODE_SIGN_IDENTITY = "iPhone Distribution";
				"CODE_SIGN_IDENTITY[sdk=iphoneos*]" = "iPhone Distribution";
				COPY_PHASE_STRIP = YES;
				ENABLE_NS_ASSERTIONS = NO;
				ENABLE_STRICT_OBJC_MSGSEND = YES;
				GCC_C_LANGUAGE_STANDARD = gnu99;
				GCC_WARN_64_TO_32_BIT_CONVERSION = YES;
				GCC_WARN_ABOUT_RETURN_TYPE = YES_ERROR;
				GCC_WARN_UNDECLARED_SELECTOR = YES;
				GCC_WARN_UNINITIALIZED_AUTOS = YES_AGGRESSIVE;
				GCC_WARN_UNUSED_FUNCTION = YES;
				GCC_WARN_UNUSED_VARIABLE = YES;
				IPHONEOS_DEPLOYMENT_TARGET = 6.0;
				METAL_ENABLE_DEBUG_INFO = NO;
				SDKROOT = iphoneos;
				TARGETED_DEVICE_FAMILY = "1,2";
				VALIDATE_PRODUCT = YES;
			};
			name = Release;
		};
		A4EE4792195F9B20002C3AC8 /* Debug */ = {
			isa = XCBuildConfiguration;
			buildSettings = {
				ASSETCATALOG_COMPILER_APPICON_NAME = AppIcon;
				ASSETCATALOG_COMPILER_LAUNCHIMAGE_NAME = LaunchImage;
				CODE_SIGN_IDENTITY = "iPhone Developer";
				GCC_PREFIX_HEADER = "Atraci/Atraci-Prefix.pch";
				INFOPLIST_FILE = Atraci/Info.plist;
				IPHONEOS_DEPLOYMENT_TARGET = 6.0;
				LD_RUNPATH_SEARCH_PATHS = "$(inherited) @executable_path/Frameworks";
				PRODUCT_NAME = "$(TARGET_NAME)";
			};
			name = Debug;
		};
		A4EE4793195F9B20002C3AC8 /* Release */ = {
			isa = XCBuildConfiguration;
			buildSettings = {
				ASSETCATALOG_COMPILER_APPICON_NAME = AppIcon;
				ASSETCATALOG_COMPILER_LAUNCHIMAGE_NAME = LaunchImage;
				CODE_SIGN_IDENTITY = "iPhone Developer";
				GCC_PREFIX_HEADER = "Atraci/Atraci-Prefix.pch";
				INFOPLIST_FILE = Atraci/Info.plist;
				IPHONEOS_DEPLOYMENT_TARGET = 6.0;
				LD_RUNPATH_SEARCH_PATHS = "$(inherited) @executable_path/Frameworks";
				PRODUCT_NAME = "$(TARGET_NAME)";
			};
			name = Release;
		};
		A4EE4795195F9B20002C3AC8 /* Debug */ = {
			isa = XCBuildConfiguration;
			buildSettings = {
				BUNDLE_LOADER = "$(BUILT_PRODUCTS_DIR)/Atraci.app/Atraci";
				FRAMEWORK_SEARCH_PATHS = (
					"$(SDKROOT)/Developer/Library/Frameworks",
					"$(inherited)",
				);
				GCC_PREPROCESSOR_DEFINITIONS = (
					"DEBUG=1",
					"$(inherited)",
				);
				INFOPLIST_FILE = AtraciTests/Info.plist;
				LD_RUNPATH_SEARCH_PATHS = "$(inherited) @executable_path/Frameworks @loader_path/Frameworks";
				METAL_ENABLE_DEBUG_INFO = YES;
				PRODUCT_NAME = "$(TARGET_NAME)";
				TEST_HOST = "$(BUNDLE_LOADER)";
			};
			name = Debug;
		};
		A4EE4796195F9B20002C3AC8 /* Release */ = {
			isa = XCBuildConfiguration;
			buildSettings = {
				BUNDLE_LOADER = "$(BUILT_PRODUCTS_DIR)/Atraci.app/Atraci";
				FRAMEWORK_SEARCH_PATHS = (
					"$(SDKROOT)/Developer/Library/Frameworks",
					"$(inherited)",
				);
				INFOPLIST_FILE = AtraciTests/Info.plist;
				LD_RUNPATH_SEARCH_PATHS = "$(inherited) @executable_path/Frameworks @loader_path/Frameworks";
				METAL_ENABLE_DEBUG_INFO = NO;
				PRODUCT_NAME = "$(TARGET_NAME)";
				TEST_HOST = "$(BUNDLE_LOADER)";
			};
			name = Release;
		};
/* End XCBuildConfiguration section */

/* Begin XCConfigurationList section */
		A4EE4769195F9B20002C3AC8 /* Build configuration list for PBXProject "Atraci" */ = {
			isa = XCConfigurationList;
			buildConfigurations = (
				A4EE478F195F9B20002C3AC8 /* Debug */,
				A4EE4790195F9B20002C3AC8 /* Release */,
			);
			defaultConfigurationIsVisible = 0;
			defaultConfigurationName = Release;
		};
		A4EE4791195F9B20002C3AC8 /* Build configuration list for PBXNativeTarget "Atraci" */ = {
			isa = XCConfigurationList;
			buildConfigurations = (
				A4EE4792195F9B20002C3AC8 /* Debug */,
				A4EE4793195F9B20002C3AC8 /* Release */,
			);
			defaultConfigurationIsVisible = 0;
			defaultConfigurationName = Release;
		};
		A4EE4794195F9B20002C3AC8 /* Build configuration list for PBXNativeTarget "AtraciTests" */ = {
			isa = XCConfigurationList;
			buildConfigurations = (
				A4EE4795195F9B20002C3AC8 /* Debug */,
				A4EE4796195F9B20002C3AC8 /* Release */,
			);
			defaultConfigurationIsVisible = 0;
			defaultConfigurationName = Release;
		};
/* End XCConfigurationList section */

/* Begin XCVersionGroup section */
		A4E8FCC519D92BC7006EEE8B /* AtraciModel.xcdatamodeld */ = {
			isa = XCVersionGroup;
			children = (
				A4E8FCC619D92BC7006EEE8B /* AtraciModel.xcdatamodel */,
			);
			currentVersion = A4E8FCC619D92BC7006EEE8B /* AtraciModel.xcdatamodel */;
			name = AtraciModel.xcdatamodeld;
			path = Storage/AtraciModel.xcdatamodeld;
			sourceTree = "<group>";
			versionGroupType = wrapper.xcdatamodel;
		};
/* End XCVersionGroup section */
	};
	rootObject = A4EE4766195F9B20002C3AC8 /* Project object */;
}
